Microsoft Visual Studio Solution File, Format Version 11.00
# Visual Studio 2008

Project("{EF34B846-32CB-20A9-1674-6BA901BE81EB}") = "DynaWars", "Assembly-CSharp-firstpass-vs.csproj", "{FA5A22D3-C0F4-1647-A30D-B5DB7DEC1A49}"
EndProject
Project("{EF34B846-32CB-20A9-1674-6BA901BE81EB}") = "DynaWars", "Assembly-CSharp-vs.csproj", "{371AF107-C589-F1F5-03D9-262B48810B8B}"
EndProject
Project("{EF34B846-32CB-20A9-1674-6BA901BE81EB}") = "DynaWars", "Assembly-CSharp-Editor-vs.csproj", "{F4ABDC67-2052-E026-9F0F-81A2158F289A}"
EndProject
Global
	GlobalSection(SolutionConfigurationPlatforms) = preSolution
		Debug|Any CPU = Debug|Any CPU
		Release|Any CPU = Release|Any CPU
	EndGlobalSection
	GlobalSection(ProjectConfigurationPlatforms) = postSolution
		{FA5A22D3-C0F4-1647-A30D-B5DB7DEC1A49}.Debug|Any CPU.ActiveCfg = Debug|Any CPU
		{FA5A22D3-C0F4-1647-A30D-B5DB7DEC1A49}.Debug|Any CPU.Build.0 = Debug|Any CPU
		{FA5A22D3-C0F4-1647-A30D-B5DB7DEC1A49}.Release|Any CPU.ActiveCfg = Release|Any CPU
		{FA5A22D3-C0F4-1647-A30D-B5DB7DEC1A49}.Release|Any CPU.Build.0 = Release|Any CPU
		{371AF107-C589-F1F5-03D9-262B48810B8B}.Debug|Any CPU.ActiveCfg = Debug|Any CPU
		{371AF107-C589-F1F5-03D9-262B48810B8B}.Debug|Any CPU.Build.0 = Debug|Any CPU
		{371AF107-C589-F1F5-03D9-262B48810B8B}.Release|Any CPU.ActiveCfg = Release|Any CPU
		{371AF107-C589-F1F5-03D9-262B48810B8B}.Release|Any CPU.Build.0 = Release|Any CPU
		{F4ABDC67-2052-E026-9F0F-81A2158F289A}.Debug|Any CPU.ActiveCfg = Debug|Any CPU
		{F4ABDC67-2052-E026-9F0F-81A2158F289A}.Debug|Any CPU.Build.0 = Debug|Any CPU
		{F4ABDC67-2052-E026-9F0F-81A2158F289A}.Release|Any CPU.ActiveCfg = Release|Any CPU
		{F4ABDC67-2052-E026-9F0F-81A2158F289A}.Release|Any CPU.Build.0 = Release|Any CPU
	EndGlobalSection
	GlobalSection(SolutionProperties) = preSolution
		HideSolutionNode = FALSE
	EndGlobalSection
																																																																																																																																													GlobalSection(MonoDevelopProperties) = preSolution
		StartupItem = Assembly-CSharp.csproj
		Policies = $0
		$0.TextStylePolicy = $1
		$1.inheritsSet = null
		$1.scope = text/x-csharp
		$0.CSharpFormattingPolicy = $2
		$2.inheritsSet = Mono
		$2.inheritsScope = text/x-csharp
		$2.scope = text/x-csharp
		$0.TextStylePolicy = $3
		$3.FileWidth = 120
		$3.TabWidth = 4
		$3.EolMarker = Unix
		$3.inheritsSet = Mono
		$3.inheritsScope = text/plain
		$3.scope = text/plain
	EndGlobalSection

EndGlobal
